
Microsoft Visual Studio Solution File, Format Version 12.00
# Visual Studio Version 16
VisualStudioVersion = 16.0.29728.190
MinimumVisualStudioVersion = 10.0.40219.1
Project("{9A19103F-16F7-4668-BE54-9A1E7A4F7556}") = "ErrorLog.API", "ErrorLog.API\ErrorLog.API.csproj", "{8E0E1AC0-F5CE-41B1-A9A5-6C3A624A02A6}"
EndProject
Project("{9A19103F-16F7-4668-BE54-9A1E7A4F7556}") = "ErrorLog.Common", "ErrorLog.Common\ErrorLog.Common.csproj", "{F2013AB2-0ED4-4714-B65A-1C7AE748B1E8}"
EndProject
Project("{9A19103F-16F7-4668-BE54-9A1E7A4F7556}") = "ErrorLog.DataAccess", "ErrorLog.DataAccess\ErrorLog.DataAccess.csproj", "{ABC35C85-650D-4B27-BFEC-E40EB7B0F3C6}"
EndProject
Project("{2150E333-8FDC-42A3-9474-1A3956D46DE8}") = "DeploymentTools", "DeploymentTools", "{9F6DBF68-0F33-44D2-AFA2-B891F334738E}"
	ProjectSection(SolutionItems) = preProject
		..\GameDeals\DeploymentTools\AppSetUp.ps1 = ..\GameDeals\DeploymentTools\AppSetUp.ps1
		..\GameDeals\DeploymentTools\RunDatabaseMigrater.ps1 = ..\GameDeals\DeploymentTools\RunDatabaseMigrater.ps1
		..\GameDeals\DeploymentTools\SetupTools.psm1 = ..\GameDeals\DeploymentTools\SetupTools.psm1
		..\GameDeals\DeploymentTools\UserRights.psm1 = ..\GameDeals\DeploymentTools\UserRights.psm1
	EndProjectSection
EndProject
Project("{FAE04EC0-301F-11D3-BF4B-00C04F79EFBC}") = "DatabaseMigrater", "DatabaseMigrater\DatabaseMigrater.csproj", "{103E5832-9FC5-49C4-B059-0167A0D14B18}"
EndProject
Global
	GlobalSection(SolutionConfigurationPlatforms) = preSolution
		Debug|Any CPU = Debug|Any CPU
		Release|Any CPU = Release|Any CPU
	EndGlobalSection
	GlobalSection(ProjectConfigurationPlatforms) = postSolution
		{8E0E1AC0-F5CE-41B1-A9A5-6C3A624A02A6}.Debug|Any CPU.ActiveCfg = Debug|Any CPU
		{8E0E1AC0-F5CE-41B1-A9A5-6C3A624A02A6}.Debug|Any CPU.Build.0 = Debug|Any CPU
		{8E0E1AC0-F5CE-41B1-A9A5-6C3A624A02A6}.Release|Any CPU.ActiveCfg = Release|Any CPU
		{8E0E1AC0-F5CE-41B1-A9A5-6C3A624A02A6}.Release|Any CPU.Build.0 = Release|Any CPU
		{F2013AB2-0ED4-4714-B65A-1C7AE748B1E8}.Debug|Any CPU.ActiveCfg = Debug|Any CPU
		{F2013AB2-0ED4-4714-B65A-1C7AE748B1E8}.Debug|Any CPU.Build.0 = Debug|Any CPU
		{F2013AB2-0ED4-4714-B65A-1C7AE748B1E8}.Release|Any CPU.ActiveCfg = Release|Any CPU
		{F2013AB2-0ED4-4714-B65A-1C7AE748B1E8}.Release|Any CPU.Build.0 = Release|Any CPU
		{ABC35C85-650D-4B27-BFEC-E40EB7B0F3C6}.Debug|Any CPU.ActiveCfg = Debug|Any CPU
		{ABC35C85-650D-4B27-BFEC-E40EB7B0F3C6}.Debug|Any CPU.Build.0 = Debug|Any CPU
		{ABC35C85-650D-4B27-BFEC-E40EB7B0F3C6}.Release|Any CPU.ActiveCfg = Release|Any CPU
		{ABC35C85-650D-4B27-BFEC-E40EB7B0F3C6}.Release|Any CPU.Build.0 = Release|Any CPU
		{103E5832-9FC5-49C4-B059-0167A0D14B18}.Debug|Any CPU.ActiveCfg = Debug|Any CPU
		{103E5832-9FC5-49C4-B059-0167A0D14B18}.Debug|Any CPU.Build.0 = Debug|Any CPU
		{103E5832-9FC5-49C4-B059-0167A0D14B18}.Release|Any CPU.ActiveCfg = Release|Any CPU
		{103E5832-9FC5-49C4-B059-0167A0D14B18}.Release|Any CPU.Build.0 = Release|Any CPU
	EndGlobalSection
	GlobalSection(SolutionProperties) = preSolution
		HideSolutionNode = FALSE
	EndGlobalSection
	GlobalSection(ExtensibilityGlobals) = postSolution
		SolutionGuid = {92776829-E9AD-46AF-8712-1251F0BB7E7F}
	EndGlobalSection
EndGlobal
